
Microsoft Visual Studio Solution File, Format Version 12.00
# Visual Studio Version 16
VisualStudioVersion = 16.0.30711.63
MinimumVisualStudioVersion = 10.0.40219.1
Project("{FAE04EC0-301F-11D3-BF4B-00C04F79EFBC}") = "AOCDay2-ExpenseReport", "AOCDay2-ExpenseReport\AOCDay2-ExpenseReport.csproj", "{B60B16BB-EA47-42AD-80E1-291CCD8543D2}"
EndProject
Global
	GlobalSection(SolutionConfigurationPlatforms) = preSolution
		Debug|Any CPU = Debug|Any CPU
		Release|Any CPU = Release|Any CPU
	EndGlobalSection
	GlobalSection(ProjectConfigurationPlatforms) = postSolution
		{B60B16BB-EA47-42AD-80E1-291CCD8543D2}.Debug|Any CPU.ActiveCfg = Debug|Any CPU
		{B60B16BB-EA47-42AD-80E1-291CCD8543D2}.Debug|Any CPU.Build.0 = Debug|Any CPU
		{B60B16BB-EA47-42AD-80E1-291CCD8543D2}.Release|Any CPU.ActiveCfg = Release|Any CPU
		{B60B16BB-EA47-42AD-80E1-291CCD8543D2}.Release|Any CPU.Build.0 = Release|Any CPU
	EndGlobalSection
	GlobalSection(SolutionProperties) = preSolution
		HideSolutionNode = FALSE
	EndGlobalSection
	GlobalSection(ExtensibilityGlobals) = postSolution
		SolutionGuid = {7DB7FDC2-128C-449D-A401-089F94987CDA}
	EndGlobalSection
EndGlobal
